// !$*UTF8*$!
{
	archiveVersion = 1;
	classes = {
	};
	objectVersion = 46;
	objects = {

/* Begin PBXBuildFile section */
		C0B3C5F3168C6D0C00161FAA /* Foundation.framework in Frameworks */ = {isa = PBXBuildFile; fileRef = C0B3C5F2168C6D0C00161FAA /* Foundation.framework */; };
		C0CF4D60183BDCA80070CC85 /* UnityCommons.h in Headers */ = {isa = PBXBuildFile; fileRef = C0CF4D58183BDCA80070CC85 /* UnityCommons.h */; };
		C0CF4D61183BDCA80070CC85 /* UnityStoreAssets.h in Headers */ = {isa = PBXBuildFile; fileRef = C0CF4D59183BDCA80070CC85 /* UnityStoreAssets.h */; };
		C0CF4D62183BDCA80070CC85 /* UnityStoreAssets.mm in Sources */ = {isa = PBXBuildFile; fileRef = C0CF4D5A183BDCA80070CC85 /* UnityStoreAssets.mm */; settings = {COMPILER_FLAGS = "-fno-objc-arc"; }; };
		C0CF4D63183BDCA80070CC85 /* UnityStoreController.mm in Sources */ = {isa = PBXBuildFile; fileRef = C0CF4D5B183BDCA80070CC85 /* UnityStoreController.mm */; settings = {COMPILER_FLAGS = "-fno-objc-arc"; }; };
		C0CF4D64183BDCA80070CC85 /* UnityStoreEventDispatcher.h in Headers */ = {isa = PBXBuildFile; fileRef = C0CF4D5C183BDCA80070CC85 /* UnityStoreEventDispatcher.h */; };
		C0CF4D65183BDCA80070CC85 /* UnityStoreEventDispatcher.mm in Sources */ = {isa = PBXBuildFile; fileRef = C0CF4D5D183BDCA80070CC85 /* UnityStoreEventDispatcher.mm */; settings = {COMPILER_FLAGS = "-fno-objc-arc"; }; };
		C0CF4D66183BDCA80070CC85 /* UnityStoreInfo.mm in Sources */ = {isa = PBXBuildFile; fileRef = C0CF4D5E183BDCA80070CC85 /* UnityStoreInfo.mm */; settings = {COMPILER_FLAGS = "-fno-objc-arc"; }; };
		C0CF4D67183BDCA80070CC85 /* UnityStoreInventory.mm in Sources */ = {isa = PBXBuildFile; fileRef = C0CF4D5F183BDCA80070CC85 /* UnityStoreInventory.mm */; settings = {COMPILER_FLAGS = "-fno-objc-arc"; }; };
		C0CF4DC3183BDCB20070CC85 /* JSONConsts.h in Headers */ = {isa = PBXBuildFile; fileRef = C0CF4D6A183BDCB10070CC85 /* JSONConsts.h */; };
		C0CF4DC4183BDCB20070CC85 /* JSONConsts.m in Sources */ = {isa = PBXBuildFile; fileRef = C0CF4D6B183BDCB10070CC85 /* JSONConsts.m */; };
		C0CF4DC5183BDCB20070CC85 /* KeyValDatabase.h in Headers */ = {isa = PBXBuildFile; fileRef = C0CF4D6C183BDCB10070CC85 /* KeyValDatabase.h */; };
		C0CF4DC6183BDCB20070CC85 /* KeyValDatabase.m in Sources */ = {isa = PBXBuildFile; fileRef = C0CF4D6D183BDCB10070CC85 /* KeyValDatabase.m */; };
		C0CF4DC7183BDCB20070CC85 /* KeyValueStorage.h in Headers */ = {isa = PBXBuildFile; fileRef = C0CF4D6E183BDCB10070CC85 /* KeyValueStorage.h */; };
		C0CF4DC8183BDCB20070CC85 /* KeyValueStorage.m in Sources */ = {isa = PBXBuildFile; fileRef = C0CF4D6F183BDCB10070CC85 /* KeyValueStorage.m */; };
		C0CF4DC9183BDCB20070CC85 /* NonConsumableStorage.h in Headers */ = {isa = PBXBuildFile; fileRef = C0CF4D70183BDCB10070CC85 /* NonConsumableStorage.h */; };
		C0CF4DCA183BDCB20070CC85 /* NonConsumableStorage.m in Sources */ = {isa = PBXBuildFile; fileRef = C0CF4D71183BDCB10070CC85 /* NonConsumableStorage.m */; };
		C0CF4DCB183BDCB20070CC85 /* ObscuredNSUserDefaults.h in Headers */ = {isa = PBXBuildFile; fileRef = C0CF4D72183BDCB10070CC85 /* ObscuredNSUserDefaults.h */; };
		C0CF4DCC183BDCB20070CC85 /* ObscuredNSUserDefaults.m in Sources */ = {isa = PBXBuildFile; fileRef = C0CF4D73183BDCB10070CC85 /* ObscuredNSUserDefaults.m */; };
		C0CF4DCD183BDCB20070CC85 /* StorageManager.h in Headers */ = {isa = PBXBuildFile; fileRef = C0CF4D74183BDCB10070CC85 /* StorageManager.h */; };
		C0CF4DCE183BDCB20070CC85 /* StorageManager.m in Sources */ = {isa = PBXBuildFile; fileRef = C0CF4D75183BDCB10070CC85 /* StorageManager.m */; };
		C0CF4DCF183BDCB20070CC85 /* StoreEncryptor.h in Headers */ = {isa = PBXBuildFile; fileRef = C0CF4D76183BDCB10070CC85 /* StoreEncryptor.h */; };
		C0CF4DD0183BDCB20070CC85 /* StoreEncryptor.m in Sources */ = {isa = PBXBuildFile; fileRef = C0CF4D77183BDCB10070CC85 /* StoreEncryptor.m */; };
		C0CF4DD1183BDCB20070CC85 /* StorefrontInfo.h in Headers */ = {isa = PBXBuildFile; fileRef = C0CF4D78183BDCB10070CC85 /* StorefrontInfo.h */; };
		C0CF4DD2183BDCB20070CC85 /* StorefrontInfo.m in Sources */ = {isa = PBXBuildFile; fileRef = C0CF4D79183BDCB10070CC85 /* StorefrontInfo.m */; };
		C0CF4DD3183BDCB20070CC85 /* StoreInfo.h in Headers */ = {isa = PBXBuildFile; fileRef = C0CF4D7A183BDCB10070CC85 /* StoreInfo.h */; };
		C0CF4DD4183BDCB20070CC85 /* StoreInfo.m in Sources */ = {isa = PBXBuildFile; fileRef = C0CF4D7B183BDCB10070CC85 /* StoreInfo.m */; };
		C0CF4DD5183BDCB20070CC85 /* VirtualCurrencyStorage.h in Headers */ = {isa = PBXBuildFile; fileRef = C0CF4D7C183BDCB10070CC85 /* VirtualCurrencyStorage.h */; };
		C0CF4DD6183BDCB20070CC85 /* VirtualCurrencyStorage.m in Sources */ = {isa = PBXBuildFile; fileRef = C0CF4D7D183BDCB10070CC85 /* VirtualCurrencyStorage.m */; };
		C0CF4DD7183BDCB20070CC85 /* VirtualGoodStorage.h in Headers */ = {isa = PBXBuildFile; fileRef = C0CF4D7E183BDCB10070CC85 /* VirtualGoodStorage.h */; };
		C0CF4DD8183BDCB20070CC85 /* VirtualGoodStorage.m in Sources */ = {isa = PBXBuildFile; fileRef = C0CF4D7F183BDCB10070CC85 /* VirtualGoodStorage.m */; };
		C0CF4DD9183BDCB20070CC85 /* VirtualItemStorage.h in Headers */ = {isa = PBXBuildFile; fileRef = C0CF4D80183BDCB10070CC85 /* VirtualItemStorage.h */; };
		C0CF4DDA183BDCB20070CC85 /* VirtualItemStorage.m in Sources */ = {isa = PBXBuildFile; fileRef = C0CF4D81183BDCB10070CC85 /* VirtualItemStorage.m */; };
		C0CF4DDB183BDCB20070CC85 /* AppStoreItem.h in Headers */ = {isa = PBXBuildFile; fileRef = C0CF4D83183BDCB10070CC85 /* AppStoreItem.h */; };
		C0CF4DDC183BDCB20070CC85 /* AppStoreItem.m in Sources */ = {isa = PBXBuildFile; fileRef = C0CF4D84183BDCB10070CC85 /* AppStoreItem.m */; };
		C0CF4DDD183BDCB20070CC85 /* NonConsumableItem.h in Headers */ = {isa = PBXBuildFile; fileRef = C0CF4D85183BDCB10070CC85 /* NonConsumableItem.h */; };
		C0CF4DDE183BDCB20070CC85 /* NonConsumableItem.m in Sources */ = {isa = PBXBuildFile; fileRef = C0CF4D86183BDCB10070CC85 /* NonConsumableItem.m */; };
		C0CF4DDF183BDCB20070CC85 /* PurchasableVirtualItem.h in Headers */ = {isa = PBXBuildFile; fileRef = C0CF4D87183BDCB10070CC85 /* PurchasableVirtualItem.h */; };
		C0CF4DE0183BDCB20070CC85 /* PurchasableVirtualItem.m in Sources */ = {isa = PBXBuildFile; fileRef = C0CF4D88183BDCB10070CC85 /* PurchasableVirtualItem.m */; };
		C0CF4DE1183BDCB20070CC85 /* VirtualCategory.h in Headers */ = {isa = PBXBuildFile; fileRef = C0CF4D89183BDCB10070CC85 /* VirtualCategory.h */; };
		C0CF4DE2183BDCB20070CC85 /* VirtualCategory.m in Sources */ = {isa = PBXBuildFile; fileRef = C0CF4D8A183BDCB10070CC85 /* VirtualCategory.m */; };
		C0CF4DE3183BDCB20070CC85 /* VirtualCurrency.h in Headers */ = {isa = PBXBuildFile; fileRef = C0CF4D8C183BDCB10070CC85 /* VirtualCurrency.h */; };
		C0CF4DE4183BDCB20070CC85 /* VirtualCurrency.m in Sources */ = {isa = PBXBuildFile; fileRef = C0CF4D8D183BDCB10070CC85 /* VirtualCurrency.m */; };
		C0CF4DE5183BDCB20070CC85 /* VirtualCurrencyPack.h in Headers */ = {isa = PBXBuildFile; fileRef = C0CF4D8E183BDCB10070CC85 /* VirtualCurrencyPack.h */; };
		C0CF4DE6183BDCB20070CC85 /* VirtualCurrencyPack.m in Sources */ = {isa = PBXBuildFile; fileRef = C0CF4D8F183BDCB10070CC85 /* VirtualCurrencyPack.m */; };
		C0CF4DE7183BDCB20070CC85 /* EquippableVG.h in Headers */ = {isa = PBXBuildFile; fileRef = C0CF4D91183BDCB10070CC85 /* EquippableVG.h */; };
		C0CF4DE8183BDCB20070CC85 /* EquippableVG.m in Sources */ = {isa = PBXBuildFile; fileRef = C0CF4D92183BDCB10070CC85 /* EquippableVG.m */; };
		C0CF4DE9183BDCB20070CC85 /* LifetimeVG.h in Headers */ = {isa = PBXBuildFile; fileRef = C0CF4D93183BDCB10070CC85 /* LifetimeVG.h */; };
		C0CF4DEA183BDCB20070CC85 /* LifetimeVG.m in Sources */ = {isa = PBXBuildFile; fileRef = C0CF4D94183BDCB10070CC85 /* LifetimeVG.m */; };
		C0CF4DEB183BDCB20070CC85 /* SingleUsePackVG.h in Headers */ = {isa = PBXBuildFile; fileRef = C0CF4D95183BDCB10070CC85 /* SingleUsePackVG.h */; };
		C0CF4DEC183BDCB20070CC85 /* SingleUsePackVG.m in Sources */ = {isa = PBXBuildFile; fileRef = C0CF4D96183BDCB10070CC85 /* SingleUsePackVG.m */; };
		C0CF4DED183BDCB20070CC85 /* SingleUseVG.h in Headers */ = {isa = PBXBuildFile; fileRef = C0CF4D97183BDCB10070CC85 /* SingleUseVG.h */; };
		C0CF4DEE183BDCB20070CC85 /* SingleUseVG.m in Sources */ = {isa = PBXBuildFile; fileRef = C0CF4D98183BDCB10070CC85 /* SingleUseVG.m */; };
		C0CF4DEF183BDCB20070CC85 /* UpgradeVG.h in Headers */ = {isa = PBXBuildFile; fileRef = C0CF4D99183BDCB10070CC85 /* UpgradeVG.h */; };
		C0CF4DF0183BDCB20070CC85 /* UpgradeVG.m in Sources */ = {isa = PBXBuildFile; fileRef = C0CF4D9A183BDCB10070CC85 /* UpgradeVG.m */; };
		C0CF4DF1183BDCB20070CC85 /* VirtualGood.h in Headers */ = {isa = PBXBuildFile; fileRef = C0CF4D9B183BDCB10070CC85 /* VirtualGood.h */; };
		C0CF4DF2183BDCB20070CC85 /* VirtualGood.m in Sources */ = {isa = PBXBuildFile; fileRef = C0CF4D9C183BDCB10070CC85 /* VirtualGood.m */; };
		C0CF4DF3183BDCB20070CC85 /* VirtualItem.h in Headers */ = {isa = PBXBuildFile; fileRef = C0CF4D9D183BDCB10070CC85 /* VirtualItem.h */; };
		C0CF4DF4183BDCB20070CC85 /* VirtualItem.m in Sources */ = {isa = PBXBuildFile; fileRef = C0CF4D9E183BDCB10070CC85 /* VirtualItem.m */; };
		C0CF4DF5183BDCB20070CC85 /* EventHandling.h in Headers */ = {isa = PBXBuildFile; fileRef = C0CF4D9F183BDCB10070CC85 /* EventHandling.h */; };
		C0CF4DF6183BDCB20070CC85 /* EventHandling.m in Sources */ = {isa = PBXBuildFile; fileRef = C0CF4DA0183BDCB10070CC85 /* EventHandling.m */; };
		C0CF4DF7183BDCB20070CC85 /* InsufficientFundsException.h in Headers */ = {isa = PBXBuildFile; fileRef = C0CF4DA2183BDCB10070CC85 /* InsufficientFundsException.h */; };
		C0CF4DF8183BDCB20070CC85 /* InsufficientFundsException.m in Sources */ = {isa = PBXBuildFile; fileRef = C0CF4DA3183BDCB10070CC85 /* InsufficientFundsException.m */; };
		C0CF4DF9183BDCB20070CC85 /* NotEnoughGoodsException.h in Headers */ = {isa = PBXBuildFile; fileRef = C0CF4DA4183BDCB10070CC85 /* NotEnoughGoodsException.h */; };
		C0CF4DFA183BDCB20070CC85 /* NotEnoughGoodsException.m in Sources */ = {isa = PBXBuildFile; fileRef = C0CF4DA5183BDCB10070CC85 /* NotEnoughGoodsException.m */; };
		C0CF4DFB183BDCB20070CC85 /* VirtualItemNotFoundException.h in Headers */ = {isa = PBXBuildFile; fileRef = C0CF4DA6183BDCB10070CC85 /* VirtualItemNotFoundException.h */; };
		C0CF4DFC183BDCB20070CC85 /* VirtualItemNotFoundException.m in Sources */ = {isa = PBXBuildFile; fileRef = C0CF4DA7183BDCB10070CC85 /* VirtualItemNotFoundException.m */; };
		C0CF4DFD183BDCB20070CC85 /* FBEncryptorAES.h in Headers */ = {isa = PBXBuildFile; fileRef = C0CF4DA9183BDCB10070CC85 /* FBEncryptorAES.h */; };
		C0CF4DFE183BDCB20070CC85 /* FBEncryptorAES.m in Sources */ = {isa = PBXBuildFile; fileRef = C0CF4DAA183BDCB10070CC85 /* FBEncryptorAES.m */; };
		C0CF4DFF183BDCB20070CC85 /* NSData-Base64.h in Headers */ = {isa = PBXBuildFile; fileRef = C0CF4DAB183BDCB10070CC85 /* NSData-Base64.h */; };
		C0CF4E00183BDCB20070CC85 /* NSData-Base64.m in Sources */ = {isa = PBXBuildFile; fileRef = C0CF4DAC183BDCB10070CC85 /* NSData-Base64.m */; };
		C0CF4E01183BDCB20070CC85 /* IStoreAssets.h in Headers */ = {isa = PBXBuildFile; fileRef = C0CF4DAD183BDCB10070CC85 /* IStoreAssets.h */; };
		C0CF4E02183BDCB20070CC85 /* OpenUDID.h in Headers */ = {isa = PBXBuildFile; fileRef = C0CF4DAF183BDCB10070CC85 /* OpenUDID.h */; };
		C0CF4E03183BDCB20070CC85 /* OpenUDID.m in Sources */ = {isa = PBXBuildFile; fileRef = C0CF4DB0183BDCB10070CC85 /* OpenUDID.m */; settings = {COMPILER_FLAGS = "-fno-objc-arc"; }; };
		C0CF4E04183BDCB20070CC85 /* PurchaseType.h in Headers */ = {isa = PBXBuildFile; fileRef = C0CF4DB2183BDCB10070CC85 /* PurchaseType.h */; };
		C0CF4E05183BDCB20070CC85 /* PurchaseType.m in Sources */ = {isa = PBXBuildFile; fileRef = C0CF4DB3183BDCB10070CC85 /* PurchaseType.m */; };
		C0CF4E06183BDCB20070CC85 /* PurchaseWithMarket.h in Headers */ = {isa = PBXBuildFile; fileRef = C0CF4DB4183BDCB10070CC85 /* PurchaseWithMarket.h */; };
		C0CF4E07183BDCB20070CC85 /* PurchaseWithMarket.m in Sources */ = {isa = PBXBuildFile; fileRef = C0CF4DB5183BDCB10070CC85 /* PurchaseWithMarket.m */; };
		C0CF4E08183BDCB20070CC85 /* PurchaseWithVirtualItem.h in Headers */ = {isa = PBXBuildFile; fileRef = C0CF4DB6183BDCB10070CC85 /* PurchaseWithVirtualItem.h */; };
		C0CF4E09183BDCB20070CC85 /* PurchaseWithVirtualItem.m in Sources */ = {isa = PBXBuildFile; fileRef = C0CF4DB7183BDCB10070CC85 /* PurchaseWithVirtualItem.m */; };
		C0CF4E0A183BDCB20070CC85 /* SoomlaiOSStore-Prefix.pch in Headers */ = {isa = PBXBuildFile; fileRef = C0CF4DB8183BDCB10070CC85 /* SoomlaiOSStore-Prefix.pch */; };
		C0CF4E0B183BDCB20070CC85 /* SoomlaVerification.h in Headers */ = {isa = PBXBuildFile; fileRef = C0CF4DB9183BDCB10070CC85 /* SoomlaVerification.h */; };
		C0CF4E0C183BDCB20070CC85 /* SoomlaVerification.m in Sources */ = {isa = PBXBuildFile; fileRef = C0CF4DBA183BDCB10070CC85 /* SoomlaVerification.m */; };
		C0CF4E0D183BDCB20070CC85 /* StoreConfig.h in Headers */ = {isa = PBXBuildFile; fileRef = C0CF4DBB183BDCB20070CC85 /* StoreConfig.h */; };
		C0CF4E0E183BDCB20070CC85 /* StoreConfig.m in Sources */ = {isa = PBXBuildFile; fileRef = C0CF4DBC183BDCB20070CC85 /* StoreConfig.m */; };
		C0CF4E0F183BDCB20070CC85 /* StoreController.h in Headers */ = {isa = PBXBuildFile; fileRef = C0CF4DBD183BDCB20070CC85 /* StoreController.h */; };
		C0CF4E10183BDCB20070CC85 /* StoreController.m in Sources */ = {isa = PBXBuildFile; fileRef = C0CF4DBE183BDCB20070CC85 /* StoreController.m */; };
		C0CF4E11183BDCB20070CC85 /* StoreInventory.h in Headers */ = {isa = PBXBuildFile; fileRef = C0CF4DBF183BDCB20070CC85 /* StoreInventory.h */; };
		C0CF4E12183BDCB20070CC85 /* StoreInventory.m in Sources */ = {isa = PBXBuildFile; fileRef = C0CF4DC0183BDCB20070CC85 /* StoreInventory.m */; };
		C0CF4E13183BDCB20070CC85 /* StoreUtils.h in Headers */ = {isa = PBXBuildFile; fileRef = C0CF4DC1183BDCB20070CC85 /* StoreUtils.h */; };
		C0CF4E14183BDCB20070CC85 /* StoreUtils.m in Sources */ = {isa = PBXBuildFile; fileRef = C0CF4DC2183BDCB20070CC85 /* StoreUtils.m */; };
/* End PBXBuildFile section */

/* Begin PBXCopyFilesBuildPhase section */
		C0B3C5ED168C6D0C00161FAA /* CopyFiles */ = {
			isa = PBXCopyFilesBuildPhase;
			buildActionMask = 2147483647;
			dstPath = "include/${PRODUCT_NAME}";
			dstSubfolderSpec = 16;
			files = (
			);
			runOnlyForDeploymentPostprocessing = 0;
		};
/* End PBXCopyFilesBuildPhase section */

/* Begin PBXFileReference section */
		C0B3C5EF168C6D0C00161FAA /* libSoomlaIOSStore.a */ = {isa = PBXFileReference; explicitFileType = archive.ar; includeInIndex = 0; path = libSoomlaIOSStore.a; sourceTree = BUILT_PRODUCTS_DIR; };
		C0B3C5F2168C6D0C00161FAA /* Foundation.framework */ = {isa = PBXFileReference; lastKnownFileType = wrapper.framework; name = Foundation.framework; path = System/Library/Frameworks/Foundation.framework; sourceTree = SDKROOT; };
		C0CF4D58183BDCA80070CC85 /* UnityCommons.h */ = {isa = PBXFileReference; fileEncoding = 4; lastKnownFileType = sourcecode.c.h; path = UnityCommons.h; sourceTree = "<group>"; };
		C0CF4D59183BDCA80070CC85 /* UnityStoreAssets.h */ = {isa = PBXFileReference; fileEncoding = 4; lastKnownFileType = sourcecode.c.h; path = UnityStoreAssets.h; sourceTree = "<group>"; };
		C0CF4D5A183BDCA80070CC85 /* UnityStoreAssets.mm */ = {isa = PBXFileReference; fileEncoding = 4; lastKnownFileType = sourcecode.cpp.objcpp; path = UnityStoreAssets.mm; sourceTree = "<group>"; };
		C0CF4D5B183BDCA80070CC85 /* UnityStoreController.mm */ = {isa = PBXFileReference; fileEncoding = 4; lastKnownFileType = sourcecode.cpp.objcpp; path = UnityStoreController.mm; sourceTree = "<group>"; };
		C0CF4D5C183BDCA80070CC85 /* UnityStoreEventDispatcher.h */ = {isa = PBXFileReference; fileEncoding = 4; lastKnownFileType = sourcecode.c.h; path = UnityStoreEventDispatcher.h; sourceTree = "<group>"; };
		C0CF4D5D183BDCA80070CC85 /* UnityStoreEventDispatcher.mm */ = {isa = PBXFileReference; fileEncoding = 4; lastKnownFileType = sourcecode.cpp.objcpp; path = UnityStoreEventDispatcher.mm; sourceTree = "<group>"; };
		C0CF4D5E183BDCA80070CC85 /* UnityStoreInfo.mm */ = {isa = PBXFileReference; fileEncoding = 4; lastKnownFileType = sourcecode.cpp.objcpp; path = UnityStoreInfo.mm; sourceTree = "<group>"; };
		C0CF4D5F183BDCA80070CC85 /* UnityStoreInventory.mm */ = {isa = PBXFileReference; fileEncoding = 4; lastKnownFileType = sourcecode.cpp.objcpp; path = UnityStoreInventory.mm; sourceTree = "<group>"; };
		C0CF4D6A183BDCB10070CC85 /* JSONConsts.h */ = {isa = PBXFileReference; fileEncoding = 4; lastKnownFileType = sourcecode.c.h; path = JSONConsts.h; sourceTree = "<group>"; };
		C0CF4D6B183BDCB10070CC85 /* JSONConsts.m */ = {isa = PBXFileReference; fileEncoding = 4; lastKnownFileType = sourcecode.c.objc; path = JSONConsts.m; sourceTree = "<group>"; };
		C0CF4D6C183BDCB10070CC85 /* KeyValDatabase.h */ = {isa = PBXFileReference; fileEncoding = 4; lastKnownFileType = sourcecode.c.h; path = KeyValDatabase.h; sourceTree = "<group>"; };
		C0CF4D6D183BDCB10070CC85 /* KeyValDatabase.m */ = {isa = PBXFileReference; fileEncoding = 4; lastKnownFileType = sourcecode.c.objc; path = KeyValDatabase.m; sourceTree = "<group>"; };
		C0CF4D6E183BDCB10070CC85 /* KeyValueStorage.h */ = {isa = PBXFileReference; fileEncoding = 4; lastKnownFileType = sourcecode.c.h; path = KeyValueStorage.h; sourceTree = "<group>"; };
		C0CF4D6F183BDCB10070CC85 /* KeyValueStorage.m */ = {isa = PBXFileReference; fileEncoding = 4; lastKnownFileType = sourcecode.c.objc; path = KeyValueStorage.m; sourceTree = "<group>"; };
		C0CF4D70183BDCB10070CC85 /* NonConsumableStorage.h */ = {isa = PBXFileReference; fileEncoding = 4; lastKnownFileType = sourcecode.c.h; path = NonConsumableStorage.h; sourceTree = "<group>"; };
		C0CF4D71183BDCB10070CC85 /* NonConsumableStorage.m */ = {isa = PBXFileReference; fileEncoding = 4; lastKnownFileType = sourcecode.c.objc; path = NonConsumableStorage.m; sourceTree = "<group>"; };
		C0CF4D72183BDCB10070CC85 /* ObscuredNSUserDefaults.h */ = {isa = PBXFileReference; fileEncoding = 4; lastKnownFileType = sourcecode.c.h; path = ObscuredNSUserDefaults.h; sourceTree = "<group>"; };
		C0CF4D73183BDCB10070CC85 /* ObscuredNSUserDefaults.m */ = {isa = PBXFileReference; fileEncoding = 4; lastKnownFileType = sourcecode.c.objc; path = ObscuredNSUserDefaults.m; sourceTree = "<group>"; };
		C0CF4D74183BDCB10070CC85 /* StorageManager.h */ = {isa = PBXFileReference; fileEncoding = 4; lastKnownFileType = sourcecode.c.h; path = StorageManager.h; sourceTree = "<group>"; };
		C0CF4D75183BDCB10070CC85 /* StorageManager.m */ = {isa = PBXFileReference; fileEncoding = 4; lastKnownFileType = sourcecode.c.objc; path = StorageManager.m; sourceTree = "<group>"; };
		C0CF4D76183BDCB10070CC85 /* StoreEncryptor.h */ = {isa = PBXFileReference; fileEncoding = 4; lastKnownFileType = sourcecode.c.h; path = StoreEncryptor.h; sourceTree = "<group>"; };
		C0CF4D77183BDCB10070CC85 /* StoreEncryptor.m */ = {isa = PBXFileReference; fileEncoding = 4; lastKnownFileType = sourcecode.c.objc; path = StoreEncryptor.m; sourceTree = "<group>"; };
		C0CF4D78183BDCB10070CC85 /* StorefrontInfo.h */ = {isa = PBXFileReference; fileEncoding = 4; lastKnownFileType = sourcecode.c.h; path = StorefrontInfo.h; sourceTree = "<group>"; };
		C0CF4D79183BDCB10070CC85 /* StorefrontInfo.m */ = {isa = PBXFileReference; fileEncoding = 4; lastKnownFileType = sourcecode.c.objc; path = StorefrontInfo.m; sourceTree = "<group>"; };
		C0CF4D7A183BDCB10070CC85 /* StoreInfo.h */ = {isa = PBXFileReference; fileEncoding = 4; lastKnownFileType = sourcecode.c.h; path = StoreInfo.h; sourceTree = "<group>"; };
		C0CF4D7B183BDCB10070CC85 /* StoreInfo.m */ = {isa = PBXFileReference; fileEncoding = 4; lastKnownFileType = sourcecode.c.objc; path = StoreInfo.m; sourceTree = "<group>"; };
		C0CF4D7C183BDCB10070CC85 /* VirtualCurrencyStorage.h */ = {isa = PBXFileReference; fileEncoding = 4; lastKnownFileType = sourcecode.c.h; path = VirtualCurrencyStorage.h; sourceTree = "<group>"; };
		C0CF4D7D183BDCB10070CC85 /* VirtualCurrencyStorage.m */ = {isa = PBXFileReference; fileEncoding = 4; lastKnownFileType = sourcecode.c.objc; path = VirtualCurrencyStorage.m; sourceTree = "<group>"; };
		C0CF4D7E183BDCB10070CC85 /* VirtualGoodStorage.h */ = {isa = PBXFileReference; fileEncoding = 4; lastKnownFileType = sourcecode.c.h; path = VirtualGoodStorage.h; sourceTree = "<group>"; };
		C0CF4D7F183BDCB10070CC85 /* VirtualGoodStorage.m */ = {isa = PBXFileReference; fileEncoding = 4; lastKnownFileType = sourcecode.c.objc; path = VirtualGoodStorage.m; sourceTree = "<group>"; };
		C0CF4D80183BDCB10070CC85 /* VirtualItemStorage.h */ = {isa = PBXFileReference; fileEncoding = 4; lastKnownFileType = sourcecode.c.h; path = VirtualItemStorage.h; sourceTree = "<group>"; };
		C0CF4D81183BDCB10070CC85 /* VirtualItemStorage.m */ = {isa = PBXFileReference; fileEncoding = 4; lastKnownFileType = sourcecode.c.objc; path = VirtualItemStorage.m; sourceTree = "<group>"; };
		C0CF4D83183BDCB10070CC85 /* AppStoreItem.h */ = {isa = PBXFileReference; fileEncoding = 4; lastKnownFileType = sourcecode.c.h; path = AppStoreItem.h; sourceTree = "<group>"; };
		C0CF4D84183BDCB10070CC85 /* AppStoreItem.m */ = {isa = PBXFileReference; fileEncoding = 4; lastKnownFileType = sourcecode.c.objc; path = AppStoreItem.m; sourceTree = "<group>"; };
		C0CF4D85183BDCB10070CC85 /* NonConsumableItem.h */ = {isa = PBXFileReference; fileEncoding = 4; lastKnownFileType = sourcecode.c.h; path = NonConsumableItem.h; sourceTree = "<group>"; };
		C0CF4D86183BDCB10070CC85 /* NonConsumableItem.m */ = {isa = PBXFileReference; fileEncoding = 4; lastKnownFileType = sourcecode.c.objc; path = NonConsumableItem.m; sourceTree = "<group>"; };
		C0CF4D87183BDCB10070CC85 /* PurchasableVirtualItem.h */ = {isa = PBXFileReference; fileEncoding = 4; lastKnownFileType = sourcecode.c.h; path = PurchasableVirtualItem.h; sourceTree = "<group>"; };
		C0CF4D88183BDCB10070CC85 /* PurchasableVirtualItem.m */ = {isa = PBXFileReference; fileEncoding = 4; lastKnownFileType = sourcecode.c.objc; path = PurchasableVirtualItem.m; sourceTree = "<group>"; };
		C0CF4D89183BDCB10070CC85 /* VirtualCategory.h */ = {isa = PBXFileReference; fileEncoding = 4; lastKnownFileType = sourcecode.c.h; path = VirtualCategory.h; sourceTree = "<group>"; };
		C0CF4D8A183BDCB10070CC85 /* VirtualCategory.m */ = {isa = PBXFileReference; fileEncoding = 4; lastKnownFileType = sourcecode.c.objc; path = VirtualCategory.m; sourceTree = "<group>"; };
		C0CF4D8C183BDCB10070CC85 /* VirtualCurrency.h */ = {isa = PBXFileReference; fileEncoding = 4; lastKnownFileType = sourcecode.c.h; path = VirtualCurrency.h; sourceTree = "<group>"; };
		C0CF4D8D183BDCB10070CC85 /* VirtualCurrency.m */ = {isa = PBXFileReference; fileEncoding = 4; lastKnownFileType = sourcecode.c.objc; path = VirtualCurrency.m; sourceTree = "<group>"; };
		C0CF4D8E183BDCB10070CC85 /* VirtualCurrencyPack.h */ = {isa = PBXFileReference; fileEncoding = 4; lastKnownFileType = sourcecode.c.h; path = VirtualCurrencyPack.h; sourceTree = "<group>"; };
		C0CF4D8F183BDCB10070CC85 /* VirtualCurrencyPack.m */ = {isa = PBXFileReference; fileEncoding = 4; lastKnownFileType = sourcecode.c.objc; path = VirtualCurrencyPack.m; sourceTree = "<group>"; };
		C0CF4D91183BDCB10070CC85 /* EquippableVG.h */ = {isa = PBXFileReference; fileEncoding = 4; lastKnownFileType = sourcecode.c.h; path = EquippableVG.h; sourceTree = "<group>"; };
		C0CF4D92183BDCB10070CC85 /* EquippableVG.m */ = {isa = PBXFileReference; fileEncoding = 4; lastKnownFileType = sourcecode.c.objc; path = EquippableVG.m; sourceTree = "<group>"; };
		C0CF4D93183BDCB10070CC85 /* LifetimeVG.h */ = {isa = PBXFileReference; fileEncoding = 4; lastKnownFileType = sourcecode.c.h; path = LifetimeVG.h; sourceTree = "<group>"; };
		C0CF4D94183BDCB10070CC85 /* LifetimeVG.m */ = {isa = PBXFileReference; fileEncoding = 4; lastKnownFileType = sourcecode.c.objc; path = LifetimeVG.m; sourceTree = "<group>"; };
		C0CF4D95183BDCB10070CC85 /* SingleUsePackVG.h */ = {isa = PBXFileReference; fileEncoding = 4; lastKnownFileType = sourcecode.c.h; path = SingleUsePackVG.h; sourceTree = "<group>"; };
		C0CF4D96183BDCB10070CC85 /* SingleUsePackVG.m */ = {isa = PBXFileReference; fileEncoding = 4; lastKnownFileType = sourcecode.c.objc; path = SingleUsePackVG.m; sourceTree = "<group>"; };
		C0CF4D97183BDCB10070CC85 /* SingleUseVG.h */ = {isa = PBXFileReference; fileEncoding = 4; lastKnownFileType = sourcecode.c.h; path = SingleUseVG.h; sourceTree = "<group>"; };
		C0CF4D98183BDCB10070CC85 /* SingleUseVG.m */ = {isa = PBXFileReference; fileEncoding = 4; lastKnownFileType = sourcecode.c.objc; path = SingleUseVG.m; sourceTree = "<group>"; };
		C0CF4D99183BDCB10070CC85 /* UpgradeVG.h */ = {isa = PBXFileReference; fileEncoding = 4; lastKnownFileType = sourcecode.c.h; path = UpgradeVG.h; sourceTree = "<group>"; };
		C0CF4D9A183BDCB10070CC85 /* UpgradeVG.m */ = {isa = PBXFileReference; fileEncoding = 4; lastKnownFileType = sourcecode.c.objc; path = UpgradeVG.m; sourceTree = "<group>"; };
		C0CF4D9B183BDCB10070CC85 /* VirtualGood.h */ = {isa = PBXFileReference; fileEncoding = 4; lastKnownFileType = sourcecode.c.h; path = VirtualGood.h; sourceTree = "<group>"; };
		C0CF4D9C183BDCB10070CC85 /* VirtualGood.m */ = {isa = PBXFileReference; fileEncoding = 4; lastKnownFileType = sourcecode.c.objc; path = VirtualGood.m; sourceTree = "<group>"; };
		C0CF4D9D183BDCB10070CC85 /* VirtualItem.h */ = {isa = PBXFileReference; fileEncoding = 4; lastKnownFileType = sourcecode.c.h; path = VirtualItem.h; sourceTree = "<group>"; };
		C0CF4D9E183BDCB10070CC85 /* VirtualItem.m */ = {isa = PBXFileReference; fileEncoding = 4; lastKnownFileType = sourcecode.c.objc; path = VirtualItem.m; sourceTree = "<group>"; };
		C0CF4D9F183BDCB10070CC85 /* EventHandling.h */ = {isa = PBXFileReference; fileEncoding = 4; lastKnownFileType = sourcecode.c.h; path = EventHandling.h; sourceTree = "<group>"; };
		C0CF4DA0183BDCB10070CC85 /* EventHandling.m */ = {isa = PBXFileReference; fileEncoding = 4; lastKnownFileType = sourcecode.c.objc; path = EventHandling.m; sourceTree = "<group>"; };
		C0CF4DA2183BDCB10070CC85 /* InsufficientFundsException.h */ = {isa = PBXFileReference; fileEncoding = 4; lastKnownFileType = sourcecode.c.h; path = InsufficientFundsException.h; sourceTree = "<group>"; };
		C0CF4DA3183BDCB10070CC85 /* InsufficientFundsException.m */ = {isa = PBXFileReference; fileEncoding = 4; lastKnownFileType = sourcecode.c.objc; path = InsufficientFundsException.m; sourceTree = "<group>"; };
		C0CF4DA4183BDCB10070CC85 /* NotEnoughGoodsException.h */ = {isa = PBXFileReference; fileEncoding = 4; lastKnownFileType = sourcecode.c.h; path = NotEnoughGoodsException.h; sourceTree = "<group>"; };
		C0CF4DA5183BDCB10070CC85 /* NotEnoughGoodsException.m */ = {isa = PBXFileReference; fileEncoding = 4; lastKnownFileType = sourcecode.c.objc; path = NotEnoughGoodsException.m; sourceTree = "<group>"; };
		C0CF4DA6183BDCB10070CC85 /* VirtualItemNotFoundException.h */ = {isa = PBXFileReference; fileEncoding = 4; lastKnownFileType = sourcecode.c.h; path = VirtualItemNotFoundException.h; sourceTree = "<group>"; };
		C0CF4DA7183BDCB10070CC85 /* VirtualItemNotFoundException.m */ = {isa = PBXFileReference; fileEncoding = 4; lastKnownFileType = sourcecode.c.objc; path = VirtualItemNotFoundException.m; sourceTree = "<group>"; };
		C0CF4DA9183BDCB10070CC85 /* FBEncryptorAES.h */ = {isa = PBXFileReference; fileEncoding = 4; lastKnownFileType = sourcecode.c.h; path = FBEncryptorAES.h; sourceTree = "<group>"; };
		C0CF4DAA183BDCB10070CC85 /* FBEncryptorAES.m */ = {isa = PBXFileReference; fileEncoding = 4; lastKnownFileType = sourcecode.c.objc; path = FBEncryptorAES.m; sourceTree = "<group>"; };
		C0CF4DAB183BDCB10070CC85 /* NSData-Base64.h */ = {isa = PBXFileReference; fileEncoding = 4; lastKnownFileType = sourcecode.c.h; path = "NSData-Base64.h"; sourceTree = "<group>"; };
		C0CF4DAC183BDCB10070CC85 /* NSData-Base64.m */ = {isa = PBXFileReference; fileEncoding = 4; lastKnownFileType = sourcecode.c.objc; path = "NSData-Base64.m"; sourceTree = "<group>"; };
		C0CF4DAD183BDCB10070CC85 /* IStoreAssets.h */ = {isa = PBXFileReference; fileEncoding = 4; lastKnownFileType = sourcecode.c.h; path = IStoreAssets.h; sourceTree = "<group>"; };
		C0CF4DAF183BDCB10070CC85 /* OpenUDID.h */ = {isa = PBXFileReference; fileEncoding = 4; lastKnownFileType = sourcecode.c.h; path = OpenUDID.h; sourceTree = "<group>"; };
		C0CF4DB0183BDCB10070CC85 /* OpenUDID.m */ = {isa = PBXFileReference; fileEncoding = 4; lastKnownFileType = sourcecode.c.objc; path = OpenUDID.m; sourceTree = "<group>"; };
		C0CF4DB2183BDCB10070CC85 /* PurchaseType.h */ = {isa = PBXFileReference; fileEncoding = 4; lastKnownFileType = sourcecode.c.h; path = PurchaseType.h; sourceTree = "<group>"; };
		C0CF4DB3183BDCB10070CC85 /* PurchaseType.m */ = {isa = PBXFileReference; fileEncoding = 4; lastKnownFileType = sourcecode.c.objc; path = PurchaseType.m; sourceTree = "<group>"; };
		C0CF4DB4183BDCB10070CC85 /* PurchaseWithMarket.h */ = {isa = PBXFileReference; fileEncoding = 4; lastKnownFileType = sourcecode.c.h; path = PurchaseWithMarket.h; sourceTree = "<group>"; };
		C0CF4DB5183BDCB10070CC85 /* PurchaseWithMarket.m */ = {isa = PBXFileReference; fileEncoding = 4; lastKnownFileType = sourcecode.c.objc; path = PurchaseWithMarket.m; sourceTree = "<group>"; };
		C0CF4DB6183BDCB10070CC85 /* PurchaseWithVirtualItem.h */ = {isa = PBXFileReference; fileEncoding = 4; lastKnownFileType = sourcecode.c.h; path = PurchaseWithVirtualItem.h; sourceTree = "<group>"; };
		C0CF4DB7183BDCB10070CC85 /* PurchaseWithVirtualItem.m */ = {isa = PBXFileReference; fileEncoding = 4; lastKnownFileType = sourcecode.c.objc; path = PurchaseWithVirtualItem.m; sourceTree = "<group>"; };
		C0CF4DB8183BDCB10070CC85 /* SoomlaiOSStore-Prefix.pch */ = {isa = PBXFileReference; fileEncoding = 4; lastKnownFileType = sourcecode.c.h; path = "SoomlaiOSStore-Prefix.pch"; sourceTree = "<group>"; };
		C0CF4DB9183BDCB10070CC85 /* SoomlaVerification.h */ = {isa = PBXFileReference; fileEncoding = 4; lastKnownFileType = sourcecode.c.h; path = SoomlaVerification.h; sourceTree = "<group>"; };
		C0CF4DBA183BDCB10070CC85 /* SoomlaVerification.m */ = {isa = PBXFileReference; fileEncoding = 4; lastKnownFileType = sourcecode.c.objc; path = SoomlaVerification.m; sourceTree = "<group>"; };
		C0CF4DBB183BDCB20070CC85 /* StoreConfig.h */ = {isa = PBXFileReference; fileEncoding = 4; lastKnownFileType = sourcecode.c.h; path = StoreConfig.h; sourceTree = "<group>"; };
		C0CF4DBC183BDCB20070CC85 /* StoreConfig.m */ = {isa = PBXFileReference; fileEncoding = 4; lastKnownFileType = sourcecode.c.objc; path = StoreConfig.m; sourceTree = "<group>"; };
		C0CF4DBD183BDCB20070CC85 /* StoreController.h */ = {isa = PBXFileReference; fileEncoding = 4; lastKnownFileType = sourcecode.c.h; path = StoreController.h; sourceTree = "<group>"; };
		C0CF4DBE183BDCB20070CC85 /* StoreController.m */ = {isa = PBXFileReference; fileEncoding = 4; lastKnownFileType = sourcecode.c.objc; path = StoreController.m; sourceTree = "<group>"; };
		C0CF4DBF183BDCB20070CC85 /* StoreInventory.h */ = {isa = PBXFileReference; fileEncoding = 4; lastKnownFileType = sourcecode.c.h; path = StoreInventory.h; sourceTree = "<group>"; };
		C0CF4DC0183BDCB20070CC85 /* StoreInventory.m */ = {isa = PBXFileReference; fileEncoding = 4; lastKnownFileType = sourcecode.c.objc; path = StoreInventory.m; sourceTree = "<group>"; };
		C0CF4DC1183BDCB20070CC85 /* StoreUtils.h */ = {isa = PBXFileReference; fileEncoding = 4; lastKnownFileType = sourcecode.c.h; path = StoreUtils.h; sourceTree = "<group>"; };
		C0CF4DC2183BDCB20070CC85 /* StoreUtils.m */ = {isa = PBXFileReference; fileEncoding = 4; lastKnownFileType = sourcecode.c.objc; path = StoreUtils.m; sourceTree = "<group>"; };
/* End PBXFileReference section */

/* Begin PBXFrameworksBuildPhase section */
		C0B3C5EC168C6D0C00161FAA /* Frameworks */ = {
			isa = PBXFrameworksBuildPhase;
			buildActionMask = 2147483647;
			files = (
				C0B3C5F3168C6D0C00161FAA /* Foundation.framework in Frameworks */,
			);
			runOnlyForDeploymentPostprocessing = 0;
		};
/* End PBXFrameworksBuildPhase section */

/* Begin PBXGroup section */
		C0B3C5E4168C6D0C00161FAA = {
			isa = PBXGroup;
			children = (
				C0CF4D68183BDCB10070CC85 /* SoomlaiOSStore */,
				C0CF4D57183BDCA80070CC85 /* SoomlaUnity */,
				C0B3C5F1168C6D0C00161FAA /* Frameworks */,
				C0B3C5F0168C6D0C00161FAA /* Products */,
			);
			sourceTree = "<group>";
		};
		C0B3C5F0168C6D0C00161FAA /* Products */ = {
			isa = PBXGroup;
			children = (
				C0B3C5EF168C6D0C00161FAA /* libSoomlaIOSStore.a */,
			);
			name = Products;
			sourceTree = "<group>";
		};
		C0B3C5F1168C6D0C00161FAA /* Frameworks */ = {
			isa = PBXGroup;
			children = (
				C0B3C5F2168C6D0C00161FAA /* Foundation.framework */,
			);
			name = Frameworks;
			sourceTree = "<group>";
		};
		C0CF4D57183BDCA80070CC85 /* SoomlaUnity */ = {
			isa = PBXGroup;
			children = (
				C0CF4D58183BDCA80070CC85 /* UnityCommons.h */,
				C0CF4D59183BDCA80070CC85 /* UnityStoreAssets.h */,
				C0CF4D5A183BDCA80070CC85 /* UnityStoreAssets.mm */,
				C0CF4D5B183BDCA80070CC85 /* UnityStoreController.mm */,
				C0CF4D5C183BDCA80070CC85 /* UnityStoreEventDispatcher.h */,
				C0CF4D5D183BDCA80070CC85 /* UnityStoreEventDispatcher.mm */,
				C0CF4D5E183BDCA80070CC85 /* UnityStoreInfo.mm */,
				C0CF4D5F183BDCA80070CC85 /* UnityStoreInventory.mm */,
			);
			path = SoomlaUnity;
			sourceTree = "<group>";
		};
		C0CF4D68183BDCB10070CC85 /* SoomlaiOSStore */ = {
			isa = PBXGroup;
			children = (
				C0CF4D69183BDCB10070CC85 /* data */,
				C0CF4D82183BDCB10070CC85 /* domain */,
				C0CF4D9F183BDCB10070CC85 /* EventHandling.h */,
				C0CF4DA0183BDCB10070CC85 /* EventHandling.m */,
				C0CF4DA1183BDCB10070CC85 /* exceptions */,
				C0CF4DA8183BDCB10070CC85 /* FBEncryptor */,
				C0CF4DAD183BDCB10070CC85 /* IStoreAssets.h */,
				C0CF4DAE183BDCB10070CC85 /* OpenUDID */,
				C0CF4DB1183BDCB10070CC85 /* PurchaseTypes */,
				C0CF4DB8183BDCB10070CC85 /* SoomlaiOSStore-Prefix.pch */,
				C0CF4DB9183BDCB10070CC85 /* SoomlaVerification.h */,
				C0CF4DBA183BDCB10070CC85 /* SoomlaVerification.m */,
				C0CF4DBB183BDCB20070CC85 /* StoreConfig.h */,
				C0CF4DBC183BDCB20070CC85 /* StoreConfig.m */,
				C0CF4DBD183BDCB20070CC85 /* StoreController.h */,
				C0CF4DBE183BDCB20070CC85 /* StoreController.m */,
				C0CF4DBF183BDCB20070CC85 /* StoreInventory.h */,
				C0CF4DC0183BDCB20070CC85 /* StoreInventory.m */,
				C0CF4DC1183BDCB20070CC85 /* StoreUtils.h */,
				C0CF4DC2183BDCB20070CC85 /* StoreUtils.m */,
			);
			name = SoomlaiOSStore;
			path = "../../../submodules/ios-store/SoomlaiOSStore";
			sourceTree = "<group>";
		};
		C0CF4D69183BDCB10070CC85 /* data */ = {
			isa = PBXGroup;
			children = (
				C0CF4D6A183BDCB10070CC85 /* JSONConsts.h */,
				C0CF4D6B183BDCB10070CC85 /* JSONConsts.m */,
				C0CF4D6C183BDCB10070CC85 /* KeyValDatabase.h */,
				C0CF4D6D183BDCB10070CC85 /* KeyValDatabase.m */,
				C0CF4D6E183BDCB10070CC85 /* KeyValueStorage.h */,
				C0CF4D6F183BDCB10070CC85 /* KeyValueStorage.m */,
				C0CF4D70183BDCB10070CC85 /* NonConsumableStorage.h */,
				C0CF4D71183BDCB10070CC85 /* NonConsumableStorage.m */,
				C0CF4D72183BDCB10070CC85 /* ObscuredNSUserDefaults.h */,
				C0CF4D73183BDCB10070CC85 /* ObscuredNSUserDefaults.m */,
				C0CF4D74183BDCB10070CC85 /* StorageManager.h */,
				C0CF4D75183BDCB10070CC85 /* StorageManager.m */,
				C0CF4D76183BDCB10070CC85 /* StoreEncryptor.h */,
				C0CF4D77183BDCB10070CC85 /* StoreEncryptor.m */,
				C0CF4D78183BDCB10070CC85 /* StorefrontInfo.h */,
				C0CF4D79183BDCB10070CC85 /* StorefrontInfo.m */,
				C0CF4D7A183BDCB10070CC85 /* StoreInfo.h */,
				C0CF4D7B183BDCB10070CC85 /* StoreInfo.m */,
				C0CF4D7C183BDCB10070CC85 /* VirtualCurrencyStorage.h */,
				C0CF4D7D183BDCB10070CC85 /* VirtualCurrencyStorage.m */,
				C0CF4D7E183BDCB10070CC85 /* VirtualGoodStorage.h */,
				C0CF4D7F183BDCB10070CC85 /* VirtualGoodStorage.m */,
				C0CF4D80183BDCB10070CC85 /* VirtualItemStorage.h */,
				C0CF4D81183BDCB10070CC85 /* VirtualItemStorage.m */,
			);
			path = data;
			sourceTree = "<group>";
		};
		C0CF4D82183BDCB10070CC85 /* domain */ = {
			isa = PBXGroup;
			children = (
				C0CF4D83183BDCB10070CC85 /* AppStoreItem.h */,
				C0CF4D84183BDCB10070CC85 /* AppStoreItem.m */,
				C0CF4D85183BDCB10070CC85 /* NonConsumableItem.h */,
				C0CF4D86183BDCB10070CC85 /* NonConsumableItem.m */,
				C0CF4D87183BDCB10070CC85 /* PurchasableVirtualItem.h */,
				C0CF4D88183BDCB10070CC85 /* PurchasableVirtualItem.m */,
				C0CF4D89183BDCB10070CC85 /* VirtualCategory.h */,
				C0CF4D8A183BDCB10070CC85 /* VirtualCategory.m */,
				C0CF4D8B183BDCB10070CC85 /* virtualCurrencies */,
				C0CF4D90183BDCB10070CC85 /* virtualGoods */,
				C0CF4D9D183BDCB10070CC85 /* VirtualItem.h */,
				C0CF4D9E183BDCB10070CC85 /* VirtualItem.m */,
			);
			path = domain;
			sourceTree = "<group>";
		};
		C0CF4D8B183BDCB10070CC85 /* virtualCurrencies */ = {
			isa = PBXGroup;
			children = (
				C0CF4D8C183BDCB10070CC85 /* VirtualCurrency.h */,
				C0CF4D8D183BDCB10070CC85 /* VirtualCurrency.m */,
				C0CF4D8E183BDCB10070CC85 /* VirtualCurrencyPack.h */,
				C0CF4D8F183BDCB10070CC85 /* VirtualCurrencyPack.m */,
			);
			path = virtualCurrencies;
			sourceTree = "<group>";
		};
		C0CF4D90183BDCB10070CC85 /* virtualGoods */ = {
			isa = PBXGroup;
			children = (
				C0CF4D91183BDCB10070CC85 /* EquippableVG.h */,
				C0CF4D92183BDCB10070CC85 /* EquippableVG.m */,
				C0CF4D93183BDCB10070CC85 /* LifetimeVG.h */,
				C0CF4D94183BDCB10070CC85 /* LifetimeVG.m */,
				C0CF4D95183BDCB10070CC85 /* SingleUsePackVG.h */,
				C0CF4D96183BDCB10070CC85 /* SingleUsePackVG.m */,
				C0CF4D97183BDCB10070CC85 /* SingleUseVG.h */,
				C0CF4D98183BDCB10070CC85 /* SingleUseVG.m */,
				C0CF4D99183BDCB10070CC85 /* UpgradeVG.h */,
				C0CF4D9A183BDCB10070CC85 /* UpgradeVG.m */,
				C0CF4D9B183BDCB10070CC85 /* VirtualGood.h */,
				C0CF4D9C183BDCB10070CC85 /* VirtualGood.m */,
			);
			path = virtualGoods;
			sourceTree = "<group>";
		};
		C0CF4DA1183BDCB10070CC85 /* exceptions */ = {
			isa = PBXGroup;
			children = (
				C0CF4DA2183BDCB10070CC85 /* InsufficientFundsException.h */,
				C0CF4DA3183BDCB10070CC85 /* InsufficientFundsException.m */,
				C0CF4DA4183BDCB10070CC85 /* NotEnoughGoodsException.h */,
				C0CF4DA5183BDCB10070CC85 /* NotEnoughGoodsException.m */,
				C0CF4DA6183BDCB10070CC85 /* VirtualItemNotFoundException.h */,
				C0CF4DA7183BDCB10070CC85 /* VirtualItemNotFoundException.m */,
			);
			path = exceptions;
			sourceTree = "<group>";
		};
		C0CF4DA8183BDCB10070CC85 /* FBEncryptor */ = {
			isa = PBXGroup;
			children = (
				C0CF4DA9183BDCB10070CC85 /* FBEncryptorAES.h */,
				C0CF4DAA183BDCB10070CC85 /* FBEncryptorAES.m */,
				C0CF4DAB183BDCB10070CC85 /* NSData-Base64.h */,
				C0CF4DAC183BDCB10070CC85 /* NSData-Base64.m */,
			);
			path = FBEncryptor;
			sourceTree = "<group>";
		};
		C0CF4DAE183BDCB10070CC85 /* OpenUDID */ = {
			isa = PBXGroup;
			children = (
				C0CF4DAF183BDCB10070CC85 /* OpenUDID.h */,
				C0CF4DB0183BDCB10070CC85 /* OpenUDID.m */,
			);
			path = OpenUDID;
			sourceTree = "<group>";
		};
		C0CF4DB1183BDCB10070CC85 /* PurchaseTypes */ = {
			isa = PBXGroup;
			children = (
				C0CF4DB2183BDCB10070CC85 /* PurchaseType.h */,
				C0CF4DB3183BDCB10070CC85 /* PurchaseType.m */,
				C0CF4DB4183BDCB10070CC85 /* PurchaseWithMarket.h */,
				C0CF4DB5183BDCB10070CC85 /* PurchaseWithMarket.m */,
				C0CF4DB6183BDCB10070CC85 /* PurchaseWithVirtualItem.h */,
				C0CF4DB7183BDCB10070CC85 /* PurchaseWithVirtualItem.m */,
			);
			path = PurchaseTypes;
			sourceTree = "<group>";
		};
/* End PBXGroup section */

/* Begin PBXHeadersBuildPhase section */
		C0B3C666168C6EB900161FAA /* Headers */ = {
			isa = PBXHeadersBuildPhase;
			buildActionMask = 2147483647;
			files = (
				C0CF4DC7183BDCB20070CC85 /* KeyValueStorage.h in Headers */,
				C0CF4E01183BDCB20070CC85 /* IStoreAssets.h in Headers */,
				C0CF4DE3183BDCB20070CC85 /* VirtualCurrency.h in Headers */,
				C0CF4DFF183BDCB20070CC85 /* NSData-Base64.h in Headers */,
				C0CF4DDB183BDCB20070CC85 /* AppStoreItem.h in Headers */,
				C0CF4E11183BDCB20070CC85 /* StoreInventory.h in Headers */,
				C0CF4E13183BDCB20070CC85 /* StoreUtils.h in Headers */,
				C0CF4D60183BDCA80070CC85 /* UnityCommons.h in Headers */,
				C0CF4DCD183BDCB20070CC85 /* StorageManager.h in Headers */,
				C0CF4DF9183BDCB20070CC85 /* NotEnoughGoodsException.h in Headers */,
				C0CF4E0A183BDCB20070CC85 /* SoomlaiOSStore-Prefix.pch in Headers */,
				C0CF4E02183BDCB20070CC85 /* OpenUDID.h in Headers */,
				C0CF4DFB183BDCB20070CC85 /* VirtualItemNotFoundException.h in Headers */,
				C0CF4D61183BDCA80070CC85 /* UnityStoreAssets.h in Headers */,
				C0CF4DC9183BDCB20070CC85 /* NonConsumableStorage.h in Headers */,
				C0CF4DD5183BDCB20070CC85 /* VirtualCurrencyStorage.h in Headers */,
				C0CF4E04183BDCB20070CC85 /* PurchaseType.h in Headers */,
				C0CF4E08183BDCB20070CC85 /* PurchaseWithVirtualItem.h in Headers */,
				C0CF4DF5183BDCB20070CC85 /* EventHandling.h in Headers */,
				C0CF4DEF183BDCB20070CC85 /* UpgradeVG.h in Headers */,
				C0CF4DCF183BDCB20070CC85 /* StoreEncryptor.h in Headers */,
				C0CF4DE9183BDCB20070CC85 /* LifetimeVG.h in Headers */,
				C0CF4DF7183BDCB20070CC85 /* InsufficientFundsException.h in Headers */,
				C0CF4E06183BDCB20070CC85 /* PurchaseWithMarket.h in Headers */,
				C0CF4DFD183BDCB20070CC85 /* FBEncryptorAES.h in Headers */,
				C0CF4DD3183BDCB20070CC85 /* StoreInfo.h in Headers */,
				C0CF4E0F183BDCB20070CC85 /* StoreController.h in Headers */,
				C0CF4DF1183BDCB20070CC85 /* VirtualGood.h in Headers */,
				C0CF4DED183BDCB20070CC85 /* SingleUseVG.h in Headers */,
				C0CF4DC3183BDCB20070CC85 /* JSONConsts.h in Headers */,
				C0CF4DE5183BDCB20070CC85 /* VirtualCurrencyPack.h in Headers */,
				C0CF4DD9183BDCB20070CC85 /* VirtualItemStorage.h in Headers */,
				C0CF4DF3183BDCB20070CC85 /* VirtualItem.h in Headers */,
				C0CF4DD7183BDCB20070CC85 /* VirtualGoodStorage.h in Headers */,
				C0CF4DCB183BDCB20070CC85 /* ObscuredNSUserDefaults.h in Headers */,
				C0CF4DDD183BDCB20070CC85 /* NonConsumableItem.h in Headers */,
				C0CF4DDF183BDCB20070CC85 /* PurchasableVirtualItem.h in Headers */,
				C0CF4E0D183BDCB20070CC85 /* StoreConfig.h in Headers */,
				C0CF4DEB183BDCB20070CC85 /* SingleUsePackVG.h in Headers */,
				C0CF4D64183BDCA80070CC85 /* UnityStoreEventDispatcher.h in Headers */,
				C0CF4DD1183BDCB20070CC85 /* StorefrontInfo.h in Headers */,
				C0CF4DE7183BDCB20070CC85 /* EquippableVG.h in Headers */,
				C0CF4E0B183BDCB20070CC85 /* SoomlaVerification.h in Headers */,
				C0CF4DC5183BDCB20070CC85 /* KeyValDatabase.h in Headers */,
				C0CF4DE1183BDCB20070CC85 /* VirtualCategory.h in Headers */,
			);
			runOnlyForDeploymentPostprocessing = 0;
		};
/* End PBXHeadersBuildPhase section */

/* Begin PBXNativeTarget section */
		C0B3C5EE168C6D0C00161FAA /* SoomlaIOSStore */ = {
			isa = PBXNativeTarget;
			buildConfigurationList = C0B3C5FD168C6D0C00161FAA /* Build configuration list for PBXNativeTarget "SoomlaIOSStore" */;
			buildPhases = (
				C0B3C5EB168C6D0C00161FAA /* Sources */,
				C0B3C5EC168C6D0C00161FAA /* Frameworks */,
				C0B3C5ED168C6D0C00161FAA /* CopyFiles */,
				C0B3C666168C6EB900161FAA /* Headers */,
			);
			buildRules = (
			);
			dependencies = (
			);
			name = SoomlaIOSStore;
			productName = SoomlaIOSStore;
			productReference = C0B3C5EF168C6D0C00161FAA /* libSoomlaIOSStore.a */;
			productType = "com.apple.product-type.library.static";
		};
/* End PBXNativeTarget section */

/* Begin PBXProject section */
		C0B3C5E6168C6D0C00161FAA /* Project object */ = {
			isa = PBXProject;
			attributes = {
				LastUpgradeCheck = 0450;
				ORGANIZATIONNAME = SOOMLA;
			};
			buildConfigurationList = C0B3C5E9168C6D0C00161FAA /* Build configuration list for PBXProject "SoomlaIOSStore" */;
			compatibilityVersion = "Xcode 3.2";
			developmentRegion = English;
			hasScannedForEncodings = 0;
			knownRegions = (
				en,
			);
			mainGroup = C0B3C5E4168C6D0C00161FAA;
			productRefGroup = C0B3C5F0168C6D0C00161FAA /* Products */;
			projectDirPath = "";
			projectRoot = "";
			targets = (
				C0B3C5EE168C6D0C00161FAA /* SoomlaIOSStore */,
			);
		};
/* End PBXProject section */

/* Begin PBXSourcesBuildPhase section */
		C0B3C5EB168C6D0C00161FAA /* Sources */ = {
			isa = PBXSourcesBuildPhase;
			buildActionMask = 2147483647;
			files = (
				C0CF4DE2183BDCB20070CC85 /* VirtualCategory.m in Sources */,
				C0CF4DDC183BDCB20070CC85 /* AppStoreItem.m in Sources */,
				C0CF4DEA183BDCB20070CC85 /* LifetimeVG.m in Sources */,
				C0CF4E00183BDCB20070CC85 /* NSData-Base64.m in Sources */,
				C0CF4DEC183BDCB20070CC85 /* SingleUsePackVG.m in Sources */,
				C0CF4D62183BDCA80070CC85 /* UnityStoreAssets.mm in Sources */,
				C0CF4DC4183BDCB20070CC85 /* JSONConsts.m in Sources */,
				C0CF4E0E183BDCB20070CC85 /* StoreConfig.m in Sources */,
				C0CF4E0C183BDCB20070CC85 /* SoomlaVerification.m in Sources */,
				C0CF4DF4183BDCB20070CC85 /* VirtualItem.m in Sources */,
				C0CF4DE4183BDCB20070CC85 /* VirtualCurrency.m in Sources */,
				C0CF4DD2183BDCB20070CC85 /* StorefrontInfo.m in Sources */,
				C0CF4DCE183BDCB20070CC85 /* StorageManager.m in Sources */,
				C0CF4DD8183BDCB20070CC85 /* VirtualGoodStorage.m in Sources */,
				C0CF4D65183BDCA80070CC85 /* UnityStoreEventDispatcher.mm in Sources */,
				C0CF4E03183BDCB20070CC85 /* OpenUDID.m in Sources */,
				C0CF4E14183BDCB20070CC85 /* StoreUtils.m in Sources */,
				C0CF4D63183BDCA80070CC85 /* UnityStoreController.mm in Sources */,
				C0CF4DF8183BDCB20070CC85 /* InsufficientFundsException.m in Sources */,
				C0CF4DCA183BDCB20070CC85 /* NonConsumableStorage.m in Sources */,
				C0CF4E09183BDCB20070CC85 /* PurchaseWithVirtualItem.m in Sources */,
				C0CF4E07183BDCB20070CC85 /* PurchaseWithMarket.m in Sources */,
				C0CF4DF2183BDCB20070CC85 /* VirtualGood.m in Sources */,
				C0CF4E12183BDCB20070CC85 /* StoreInventory.m in Sources */,
				C0CF4E05183BDCB20070CC85 /* PurchaseType.m in Sources */,
				C0CF4DD4183BDCB20070CC85 /* StoreInfo.m in Sources */,
				C0CF4DFA183BDCB20070CC85 /* NotEnoughGoodsException.m in Sources */,
				C0CF4D67183BDCA80070CC85 /* UnityStoreInventory.mm in Sources */,
				C0CF4E10183BDCB20070CC85 /* StoreController.m in Sources */,
				C0CF4DF0183BDCB20070CC85 /* UpgradeVG.m in Sources */,
				C0CF4DFE183BDCB20070CC85 /* FBEncryptorAES.m in Sources */,
				C0CF4DE6183BDCB20070CC85 /* VirtualCurrencyPack.m in Sources */,
				C0CF4DE0183BDCB20070CC85 /* PurchasableVirtualItem.m in Sources */,
				C0CF4DC6183BDCB20070CC85 /* KeyValDatabase.m in Sources */,
				C0CF4DEE183BDCB20070CC85 /* SingleUseVG.m in Sources */,
				C0CF4D66183BDCA80070CC85 /* UnityStoreInfo.mm in Sources */,
				C0CF4DDA183BDCB20070CC85 /* VirtualItemStorage.m in Sources */,
				C0CF4DD6183BDCB20070CC85 /* VirtualCurrencyStorage.m in Sources */,
				C0CF4DCC183BDCB20070CC85 /* ObscuredNSUserDefaults.m in Sources */,
				C0CF4DF6183BDCB20070CC85 /* EventHandling.m in Sources */,
				C0CF4DFC183BDCB20070CC85 /* VirtualItemNotFoundException.m in Sources */,
				C0CF4DD0183BDCB20070CC85 /* StoreEncryptor.m in Sources */,
				C0CF4DDE183BDCB20070CC85 /* NonConsumableItem.m in Sources */,
				C0CF4DE8183BDCB20070CC85 /* EquippableVG.m in Sources */,
				C0CF4DC8183BDCB20070CC85 /* KeyValueStorage.m in Sources */,
			);
			runOnlyForDeploymentPostprocessing = 0;
		};
/* End PBXSourcesBuildPhase section */

/* Begin XCBuildConfiguration section */
		C0B3C5FB168C6D0C00161FAA /* Debug */ = {
			isa = XCBuildConfiguration;
			buildSettings = {
				ALWAYS_SEARCH_USER_PATHS = NO;
				CLANG_CXX_LANGUAGE_STANDARD = "gnu++0x";
				CLANG_CXX_LIBRARY = "libc++";
				CLANG_ENABLE_OBJC_ARC = YES;
				CLANG_WARN_EMPTY_BODY = YES;
				CLANG_WARN__DUPLICATE_METHOD_MATCH = YES;
				COPY_PHASE_STRIP = NO;
				GCC_C_LANGUAGE_STANDARD = gnu99;
				GCC_DYNAMIC_NO_PIC = NO;
				GCC_OPTIMIZATION_LEVEL = 0;
				GCC_PREPROCESSOR_DEFINITIONS = (
					"DEBUG=1",
					"$(inherited)",
				);
				GCC_SYMBOLS_PRIVATE_EXTERN = NO;
				GCC_WARN_ABOUT_RETURN_TYPE = YES;
				GCC_WARN_UNINITIALIZED_AUTOS = YES;
				GCC_WARN_UNUSED_VARIABLE = YES;
				IPHONEOS_DEPLOYMENT_TARGET = 6.0;
				ONLY_ACTIVE_ARCH = YES;
				SDKROOT = iphoneos;
			};
			name = Debug;
		};
		C0B3C5FC168C6D0C00161FAA /* Release */ = {
			isa = XCBuildConfiguration;
			buildSettings = {
				ALWAYS_SEARCH_USER_PATHS = NO;
				CLANG_CXX_LANGUAGE_STANDARD = "gnu++0x";
				CLANG_CXX_LIBRARY = "libc++";
				CLANG_ENABLE_OBJC_ARC = YES;
				CLANG_WARN_EMPTY_BODY = YES;
				CLANG_WARN__DUPLICATE_METHOD_MATCH = YES;
				COPY_PHASE_STRIP = YES;
				GCC_C_LANGUAGE_STANDARD = gnu99;
				GCC_WARN_ABOUT_RETURN_TYPE = YES;
				GCC_WARN_UNINITIALIZED_AUTOS = YES;
				GCC_WARN_UNUSED_VARIABLE = YES;
				IPHONEOS_DEPLOYMENT_TARGET = 6.0;
				SDKROOT = iphoneos;
				VALIDATE_PRODUCT = YES;
			};
			name = Release;
		};
		C0B3C5FE168C6D0C00161FAA /* Debug */ = {
			isa = XCBuildConfiguration;
			buildSettings = {
				DSTROOT = /tmp/SoomlaIOSStore.dst;
				GCC_PRECOMPILE_PREFIX_HEADER = YES;
				GCC_PREFIX_HEADER = "/Applications/Unity/Unity.app/Contents/PlaybackEngines/iPhonePlayer/iPhone-Trampoline/Classes/iPhone_target_Prefix.pch";
				GCC_PREPROCESSOR_DEFINITIONS = "$(inherited)";
				HEADER_SEARCH_PATHS = (
					"$(inherited)",
					/Applications/Xcode.app/Contents/Developer/Toolchains/XcodeDefault.xctoolchain/usr/include,
					"/Applications/Unity/Unity.app/Contents/PlaybackEngines/iPhonePlayer/iPhone-Trampoline/Classes/**",
				);
				OTHER_LDFLAGS = "-ObjC";
				PRIVATE_HEADERS_FOLDER_PATH = headers/private;
				PRODUCT_NAME = "$(TARGET_NAME)";
				PUBLIC_HEADERS_FOLDER_PATH = headers/public;
				SKIP_INSTALL = YES;
			};
			name = Debug;
		};
		C0B3C5FF168C6D0C00161FAA /* Release */ = {
			isa = XCBuildConfiguration;
			buildSettings = {
				DSTROOT = /tmp/SoomlaIOSStore.dst;
				GCC_GENERATE_DEBUGGING_SYMBOLS = NO;
				GCC_PRECOMPILE_PREFIX_HEADER = YES;
				GCC_PREFIX_HEADER = "/Applications/Unity/Unity.app/Contents/PlaybackEngines/iPhonePlayer/iPhone-Trampoline/Classes/iPhone_target_Prefix.pch";
				HEADER_SEARCH_PATHS = (
					"$(inherited)",
					/Applications/Xcode.app/Contents/Developer/Toolchains/XcodeDefault.xctoolchain/usr/include,
					"/Applications/Unity/Unity.app/Contents/PlaybackEngines/iPhonePlayer/iPhone-Trampoline/Classes/**",
				);
				ONLY_ACTIVE_ARCH = NO;
				OTHER_LDFLAGS = "-ObjC";
				PRIVATE_HEADERS_FOLDER_PATH = headers/private;
				PRODUCT_NAME = "$(TARGET_NAME)";
				PUBLIC_HEADERS_FOLDER_PATH = headers/public;
				SKIP_INSTALL = YES;
			};
			name = Release;
		};
/* End XCBuildConfiguration section */

/* Begin XCConfigurationList section */
		C0B3C5E9168C6D0C00161FAA /* Build configuration list for PBXProject "SoomlaIOSStore" */ = {
			isa = XCConfigurationList;
			buildConfigurations = (
				C0B3C5FB168C6D0C00161FAA /* Debug */,
				C0B3C5FC168C6D0C00161FAA /* Release */,
			);
			defaultConfigurationIsVisible = 0;
			defaultConfigurationName = Release;
		};
		C0B3C5FD168C6D0C00161FAA /* Build configuration list for PBXNativeTarget "SoomlaIOSStore" */ = {
			isa = XCConfigurationList;
			buildConfigurations = (
				C0B3C5FE168C6D0C00161FAA /* Debug */,
				C0B3C5FF168C6D0C00161FAA /* Release */,
			);
			defaultConfigurationIsVisible = 0;
			defaultConfigurationName = Release;
		};
/* End XCConfigurationList section */
	};
	rootObject = C0B3C5E6168C6D0C00161FAA /* Project object */;
}
